
Microsoft Visual Studio Solution File, Format Version 12.00
# Visual Studio Version 17
VisualStudioVersion = 17.6.33815.320
MinimumVisualStudioVersion = 10.0.40219.1
Project("{FAE04EC0-301F-11D3-BF4B-00C04F79EFBC}") = "Ajaxcall", "Ajaxcall\Ajaxcall.csproj", "{8D9A185B-105A-444C-AB36-5DDDB421B646}"
EndProject
Global
	GlobalSection(SolutionConfigurationPlatforms) = preSolution
		Debug|Any CPU = Debug|Any CPU
		Release|Any CPU = Release|Any CPU
	EndGlobalSection
	GlobalSection(ProjectConfigurationPlatforms) = postSolution
		{8D9A185B-105A-444C-AB36-5DDDB421B646}.Debug|Any CPU.ActiveCfg = Debug|Any CPU
		{8D9A185B-105A-444C-AB36-5DDDB421B646}.Debug|Any CPU.Build.0 = Debug|Any CPU
		{8D9A185B-105A-444C-AB36-5DDDB421B646}.Release|Any CPU.ActiveCfg = Release|Any CPU
		{8D9A185B-105A-444C-AB36-5DDDB421B646}.Release|Any CPU.Build.0 = Release|Any CPU
	EndGlobalSection
	GlobalSection(SolutionProperties) = preSolution
		HideSolutionNode = FALSE
	EndGlobalSection
	GlobalSection(ExtensibilityGlobals) = postSolution
		SolutionGuid = {E02A8B03-42A9-473D-92A5-BFF0E5EA5A70}
	EndGlobalSection
EndGlobal
