
Microsoft Visual Studio Solution File, Format Version 12.00
# Visual Studio Version 17
VisualStudioVersion = 17.6.33815.320
MinimumVisualStudioVersion = 10.0.40219.1
Project("{FAE04EC0-301F-11D3-BF4B-00C04F79EFBC}") = "PrepationQ", "PrepationQ\PrepationQ.csproj", "{D0C7F55A-DA5D-4B01-943B-9D5FF23C0BF8}"
EndProject
Global
	GlobalSection(SolutionConfigurationPlatforms) = preSolution
		Debug|Any CPU = Debug|Any CPU
		Release|Any CPU = Release|Any CPU
	EndGlobalSection
	GlobalSection(ProjectConfigurationPlatforms) = postSolution
		{D0C7F55A-DA5D-4B01-943B-9D5FF23C0BF8}.Debug|Any CPU.ActiveCfg = Debug|Any CPU
		{D0C7F55A-DA5D-4B01-943B-9D5FF23C0BF8}.Debug|Any CPU.Build.0 = Debug|Any CPU
		{D0C7F55A-DA5D-4B01-943B-9D5FF23C0BF8}.Release|Any CPU.ActiveCfg = Release|Any CPU
		{D0C7F55A-DA5D-4B01-943B-9D5FF23C0BF8}.Release|Any CPU.Build.0 = Release|Any CPU
	EndGlobalSection
	GlobalSection(SolutionProperties) = preSolution
		HideSolutionNode = FALSE
	EndGlobalSection
	GlobalSection(ExtensibilityGlobals) = postSolution
		SolutionGuid = {D8E8070E-47D0-453E-8C5C-1F2659DCDF8B}
	EndGlobalSection
EndGlobal
