
Microsoft Visual Studio Solution File, Format Version 12.00
# Visual Studio Version 17
VisualStudioVersion = 17.6.33815.320
MinimumVisualStudioVersion = 10.0.40219.1
Project("{FAE04EC0-301F-11D3-BF4B-00C04F79EFBC}") = "ExamPreparation", "ExamPreparation\ExamPreparation.csproj", "{D0197DD6-212F-4A7B-975E-FD1917CF70E0}"
EndProject
Global
	GlobalSection(SolutionConfigurationPlatforms) = preSolution
		Debug|Any CPU = Debug|Any CPU
		Release|Any CPU = Release|Any CPU
	EndGlobalSection
	GlobalSection(ProjectConfigurationPlatforms) = postSolution
		{D0197DD6-212F-4A7B-975E-FD1917CF70E0}.Debug|Any CPU.ActiveCfg = Debug|Any CPU
		{D0197DD6-212F-4A7B-975E-FD1917CF70E0}.Debug|Any CPU.Build.0 = Debug|Any CPU
		{D0197DD6-212F-4A7B-975E-FD1917CF70E0}.Release|Any CPU.ActiveCfg = Release|Any CPU
		{D0197DD6-212F-4A7B-975E-FD1917CF70E0}.Release|Any CPU.Build.0 = Release|Any CPU
	EndGlobalSection
	GlobalSection(SolutionProperties) = preSolution
		HideSolutionNode = FALSE
	EndGlobalSection
	GlobalSection(ExtensibilityGlobals) = postSolution
		SolutionGuid = {3AD11150-EDFE-456F-AAD9-BCE8DB3133A1}
	EndGlobalSection
EndGlobal
